
Microsoft Visual Studio Solution File, Format Version 12.00
# Visual Studio Version 17
VisualStudioVersion = 17.9.34902.65
MinimumVisualStudioVersion = 10.0.40219.1
Project("{FAE04EC0-301F-11D3-BF4B-00C04F79EFBC}") = "Cupcake-Project", "Cupcake-Project.csproj", "{CCF6B9AC-E4B5-4412-8995-A4EA93E5EEBA}"
EndProject
Global
	GlobalSection(SolutionConfigurationPlatforms) = preSolution
		Debug|Any CPU = Debug|Any CPU
		Release|Any CPU = Release|Any CPU
	EndGlobalSection
	GlobalSection(ProjectConfigurationPlatforms) = postSolution
		{CCF6B9AC-E4B5-4412-8995-A4EA93E5EEBA}.Debug|Any CPU.ActiveCfg = Debug|Any CPU
		{CCF6B9AC-E4B5-4412-8995-A4EA93E5EEBA}.Debug|Any CPU.Build.0 = Debug|Any CPU
		{CCF6B9AC-E4B5-4412-8995-A4EA93E5EEBA}.Release|Any CPU.ActiveCfg = Release|Any CPU
		{CCF6B9AC-E4B5-4412-8995-A4EA93E5EEBA}.Release|Any CPU.Build.0 = Release|Any CPU
	EndGlobalSection
	GlobalSection(SolutionProperties) = preSolution
		HideSolutionNode = FALSE
	EndGlobalSection
	GlobalSection(ExtensibilityGlobals) = postSolution
		SolutionGuid = {4E7BFA3C-EC1C-402B-A70D-74BBA004CD03}
	EndGlobalSection
EndGlobal
